{
    "lockfileVersion": 1,
    "configVersion": 1,
    "workspaces": {
        "": {
            "dependencies": {
                "playwright": "^1.57.0"
            }
        }
    },
    "packages": {
        "fsevents": [
            "fsevents@2.3.2",
            "http://artifactory.intra.xiaojukeji.com/artifactory/api/npm/npm/fsevents/-/fsevents-2.3.2.tgz?dl=https%3A%2F%2Fregistry.npmmirror.com%2Ffsevents%2F-%2Ffsevents-2.3.2.tgz",
            {},
            "sha512-xiqMQR4xAeHTuB9uWm+fFRcIOgKBMiOBP+eXiyT7jsgVCq1bkVygt00oASowB7EdtpOHaaPgKt812P9ab+DDKA=="
        ],

        "playwright": [
            "playwright@1.57.0",
            "http://artifactory.intra.xiaojukeji.com/artifactory/api/npm/npm/playwright/-/playwright-1.57.0.tgz?dl=https%3A%2F%2Fregistry.npmmirror.com%2Fplaywright%2F-%2Fplaywright-1.57.0.tgz",
            { "dependencies": { "playwright-core": "1.57.0" }, "optionalDependencies": { "fsevents": "2.3.2" }, "bin": { "playwright": "cli.js" } },
            "sha512-ilYQj1s8sr2ppEJ2YVadYBN0Mb3mdo9J0wQ+UuDhzYqURwSoW4n1Xs5vs7ORwgDGmyEh33tRMeS8KhdkMoLXQw=="
        ],

        "playwright-core": [
            "playwright-core@1.57.0",
            "http://artifactory.intra.xiaojukeji.com/artifactory/api/npm/npm/playwright-core/-/playwright-core-1.57.0.tgz?dl=https%3A%2F%2Fregistry.npmmirror.com%2Fplaywright-core%2F-%2Fplaywright-core-1.57.0.tgz",
            { "bin": { "playwright-core": "cli.js" } },
            "sha512-agTcKlMw/mjBWOnD6kFZttAAGHgi/Nw0CZ2o6JqWSbMlI219lAFLZZCyqByTsvVAJq5XA5H8cA6PrvBRpBWEuQ=="
        ]
    }
}
